
Microsoft Visual Studio Solution File, Format Version 12.00
# Visual Studio Version 17
VisualStudioVersion = 17.5.33424.131
MinimumVisualStudioVersion = 10.0.40219.1
Project("{2150E333-8FDC-42A3-9474-1A3956D46DE8}") = "Assets", "Assets", "{AB0454D3-294A-4E58-8B02-141A804E900E}"
	ProjectSection(SolutionItems) = preProject
		Description.txt = Description.txt
	EndProjectSection
EndProject
Project("{9A19103F-16F7-4668-BE54-9A1E7A4F7556}") = "Questao1", "Questao1\Questao1.csproj", "{CC566732-603B-4954-8837-76465888ADD4}"
EndProject
Project("{9A19103F-16F7-4668-BE54-9A1E7A4F7556}") = "Questao2", "Questao2\Questao2.csproj", "{09F29E26-4331-49BC-9359-14BA643F1E39}"
EndProject
Project("{9A19103F-16F7-4668-BE54-9A1E7A4F7556}") = "Questao3", "Questao3\Questao3.csproj", "{73599C3C-F9F2-48D2-AC6C-7EDF6A816B64}"
EndProject
Project("{FAE04EC0-301F-11D3-BF4B-00C04F79EFBC}") = "Questao4", "Questao4\Questao4.csproj", "{939E657E-D4E0-4341-9DCE-1DA6CC6FEDD6}"
EndProject
Project("{FAE04EC0-301F-11D3-BF4B-00C04F79EFBC}") = "Questao5", "Questao5\Questao5.csproj", "{9618F0A4-D1FE-40AB-BB8C-7CF1ED63438F}"
EndProject
Global
	GlobalSection(SolutionConfigurationPlatforms) = preSolution
		Debug|Any CPU = Debug|Any CPU
		Release|Any CPU = Release|Any CPU
	EndGlobalSection
	GlobalSection(ProjectConfigurationPlatforms) = postSolution
		{CC566732-603B-4954-8837-76465888ADD4}.Debug|Any CPU.ActiveCfg = Debug|Any CPU
		{CC566732-603B-4954-8837-76465888ADD4}.Debug|Any CPU.Build.0 = Debug|Any CPU
		{CC566732-603B-4954-8837-76465888ADD4}.Release|Any CPU.ActiveCfg = Release|Any CPU
		{CC566732-603B-4954-8837-76465888ADD4}.Release|Any CPU.Build.0 = Release|Any CPU
		{09F29E26-4331-49BC-9359-14BA643F1E39}.Debug|Any CPU.ActiveCfg = Debug|Any CPU
		{09F29E26-4331-49BC-9359-14BA643F1E39}.Debug|Any CPU.Build.0 = Debug|Any CPU
		{09F29E26-4331-49BC-9359-14BA643F1E39}.Release|Any CPU.ActiveCfg = Release|Any CPU
		{09F29E26-4331-49BC-9359-14BA643F1E39}.Release|Any CPU.Build.0 = Release|Any CPU
		{73599C3C-F9F2-48D2-AC6C-7EDF6A816B64}.Debug|Any CPU.ActiveCfg = Debug|Any CPU
		{73599C3C-F9F2-48D2-AC6C-7EDF6A816B64}.Debug|Any CPU.Build.0 = Debug|Any CPU
		{73599C3C-F9F2-48D2-AC6C-7EDF6A816B64}.Release|Any CPU.ActiveCfg = Release|Any CPU
		{73599C3C-F9F2-48D2-AC6C-7EDF6A816B64}.Release|Any CPU.Build.0 = Release|Any CPU
		{939E657E-D4E0-4341-9DCE-1DA6CC6FEDD6}.Debug|Any CPU.ActiveCfg = Debug|Any CPU
		{939E657E-D4E0-4341-9DCE-1DA6CC6FEDD6}.Debug|Any CPU.Build.0 = Debug|Any CPU
		{939E657E-D4E0-4341-9DCE-1DA6CC6FEDD6}.Release|Any CPU.ActiveCfg = Release|Any CPU
		{939E657E-D4E0-4341-9DCE-1DA6CC6FEDD6}.Release|Any CPU.Build.0 = Release|Any CPU
		{9618F0A4-D1FE-40AB-BB8C-7CF1ED63438F}.Debug|Any CPU.ActiveCfg = Debug|Any CPU
		{9618F0A4-D1FE-40AB-BB8C-7CF1ED63438F}.Debug|Any CPU.Build.0 = Debug|Any CPU
		{9618F0A4-D1FE-40AB-BB8C-7CF1ED63438F}.Release|Any CPU.ActiveCfg = Release|Any CPU
		{9618F0A4-D1FE-40AB-BB8C-7CF1ED63438F}.Release|Any CPU.Build.0 = Release|Any CPU
	EndGlobalSection
	GlobalSection(SolutionProperties) = preSolution
		HideSolutionNode = FALSE
	EndGlobalSection
	GlobalSection(ExtensibilityGlobals) = postSolution
		SolutionGuid = {2C1CCF52-5288-4083-8400-86F6E6CB8D7D}
	EndGlobalSection
EndGlobal
